// !$*UTF8*$!
{
	archiveVersion = 1;
	classes = {
	};
	objectVersion = 55;
	objects = {

/* Begin PBXBuildFile section */
		FBBF1737281D5D7000CDE4BC /* AppDelegate.swift in Sources */ = {isa = PBXBuildFile; fileRef = FBBF1736281D5D7000CDE4BC /* AppDelegate.swift */; };
		FBBF1739281D5D7000CDE4BC /* SceneDelegate.swift in Sources */ = {isa = PBXBuildFile; fileRef = FBBF1738281D5D7000CDE4BC /* SceneDelegate.swift */; };
		FBBF173E281D5D7000CDE4BC /* Main.storyboard in Resources */ = {isa = PBXBuildFile; fileRef = FBBF173C281D5D7000CDE4BC /* Main.storyboard */; };
		FBBF1740281D5D7100CDE4BC /* Assets.xcassets in Resources */ = {isa = PBXBuildFile; fileRef = FBBF173F281D5D7100CDE4BC /* Assets.xcassets */; };
		FBBF1743281D5D7100CDE4BC /* LaunchScreen.storyboard in Resources */ = {isa = PBXBuildFile; fileRef = FBBF1741281D5D7100CDE4BC /* LaunchScreen.storyboard */; };
		FBBF1753281E55CD00CDE4BC /* BaseViewController.swift in Sources */ = {isa = PBXBuildFile; fileRef = FBBF1752281E55CD00CDE4BC /* BaseViewController.swift */; };
		FBBF1755281E565C00CDE4BC /* GifMainController.swift in Sources */ = {isa = PBXBuildFile; fileRef = FBBF1754281E565C00CDE4BC /* GifMainController.swift */; };
		FBBF175A281E575B00CDE4BC /* Then in Frameworks */ = {isa = PBXBuildFile; productRef = FBBF1759281E575B00CDE4BC /* Then */; };
		FBBF175D281E576B00CDE4BC /* Alamofire in Frameworks */ = {isa = PBXBuildFile; productRef = FBBF175C281E576B00CDE4BC /* Alamofire */; };
		FBBF1760281E588800CDE4BC /* SnapKit in Frameworks */ = {isa = PBXBuildFile; productRef = FBBF175F281E588800CDE4BC /* SnapKit */; };
		FBBF1762281E594900CDE4BC /* GifMainView.swift in Sources */ = {isa = PBXBuildFile; fileRef = FBBF1761281E594900CDE4BC /* GifMainView.swift */; };
		FBBF1764281E59EE00CDE4BC /* BaseView.swift in Sources */ = {isa = PBXBuildFile; fileRef = FBBF1763281E59EE00CDE4BC /* BaseView.swift */; };
		FBBF1766281E5DB600CDE4BC /* Coordinator.swift in Sources */ = {isa = PBXBuildFile; fileRef = FBBF1765281E5DB600CDE4BC /* Coordinator.swift */; };
		FBBF1768281E5EEA00CDE4BC /* MainCoordinator.swift in Sources */ = {isa = PBXBuildFile; fileRef = FBBF1767281E5EEA00CDE4BC /* MainCoordinator.swift */; };
		FBBF176A281E676800CDE4BC /* CompositionRoot.swift in Sources */ = {isa = PBXBuildFile; fileRef = FBBF1769281E676800CDE4BC /* CompositionRoot.swift */; };
		FBBF176C281E720A00CDE4BC /* GifMainCell.swift in Sources */ = {isa = PBXBuildFile; fileRef = FBBF176B281E720A00CDE4BC /* GifMainCell.swift */; };
		FBBF176E281E727A00CDE4BC /* BaseCollectionViewCell.swift in Sources */ = {isa = PBXBuildFile; fileRef = FBBF176D281E727A00CDE4BC /* BaseCollectionViewCell.swift */; };
		FBBF1770281E747700CDE4BC /* GifMain+CollectionView.swift in Sources */ = {isa = PBXBuildFile; fileRef = FBBF176F281E747700CDE4BC /* GifMain+CollectionView.swift */; };
		FBBF1772281E7F0D00CDE4BC /* GifRepositoryImpl.swift in Sources */ = {isa = PBXBuildFile; fileRef = FBBF1771281E7F0D00CDE4BC /* GifRepositoryImpl.swift */; };
		FBBF1774281E821500CDE4BC /* NetworkResult.swift in Sources */ = {isa = PBXBuildFile; fileRef = FBBF1773281E821500CDE4BC /* NetworkResult.swift */; };
		FBBF1777281E83BF00CDE4BC /* Const.swift in Sources */ = {isa = PBXBuildFile; fileRef = FBBF1776281E83BF00CDE4BC /* Const.swift */; };
		FBBF1779281E83C900CDE4BC /* URL.swift in Sources */ = {isa = PBXBuildFile; fileRef = FBBF1778281E83C900CDE4BC /* URL.swift */; };
		FBBF177B281E89B100CDE4BC /* GiphyModel.swift in Sources */ = {isa = PBXBuildFile; fileRef = FBBF177A281E89B100CDE4BC /* GiphyModel.swift */; };
/* End PBXBuildFile section */

/* Begin PBXFileReference section */
		FBBF1733281D5D7000CDE4BC /* MovingPictureApp.app */ = {isa = PBXFileReference; explicitFileType = wrapper.application; includeInIndex = 0; path = MovingPictureApp.app; sourceTree = BUILT_PRODUCTS_DIR; };
		FBBF1736281D5D7000CDE4BC /* AppDelegate.swift */ = {isa = PBXFileReference; lastKnownFileType = sourcecode.swift; path = AppDelegate.swift; sourceTree = "<group>"; };
		FBBF1738281D5D7000CDE4BC /* SceneDelegate.swift */ = {isa = PBXFileReference; lastKnownFileType = sourcecode.swift; path = SceneDelegate.swift; sourceTree = "<group>"; };
		FBBF173D281D5D7000CDE4BC /* Base */ = {isa = PBXFileReference; lastKnownFileType = file.storyboard; name = Base; path = Base.lproj/Main.storyboard; sourceTree = "<group>"; };
		FBBF173F281D5D7100CDE4BC /* Assets.xcassets */ = {isa = PBXFileReference; lastKnownFileType = folder.assetcatalog; path = Assets.xcassets; sourceTree = "<group>"; };
		FBBF1742281D5D7100CDE4BC /* Base */ = {isa = PBXFileReference; lastKnownFileType = file.storyboard; name = Base; path = Base.lproj/LaunchScreen.storyboard; sourceTree = "<group>"; };
		FBBF1744281D5D7100CDE4BC /* Info.plist */ = {isa = PBXFileReference; lastKnownFileType = text.plist.xml; path = Info.plist; sourceTree = "<group>"; };
		FBBF1752281E55CD00CDE4BC /* BaseViewController.swift */ = {isa = PBXFileReference; lastKnownFileType = sourcecode.swift; path = BaseViewController.swift; sourceTree = "<group>"; };
		FBBF1754281E565C00CDE4BC /* GifMainController.swift */ = {isa = PBXFileReference; lastKnownFileType = sourcecode.swift; path = GifMainController.swift; sourceTree = "<group>"; };
		FBBF1761281E594900CDE4BC /* GifMainView.swift */ = {isa = PBXFileReference; lastKnownFileType = sourcecode.swift; path = GifMainView.swift; sourceTree = "<group>"; };
		FBBF1763281E59EE00CDE4BC /* BaseView.swift */ = {isa = PBXFileReference; lastKnownFileType = sourcecode.swift; path = BaseView.swift; sourceTree = "<group>"; };
		FBBF1765281E5DB600CDE4BC /* Coordinator.swift */ = {isa = PBXFileReference; lastKnownFileType = sourcecode.swift; path = Coordinator.swift; sourceTree = "<group>"; };
		FBBF1767281E5EEA00CDE4BC /* MainCoordinator.swift */ = {isa = PBXFileReference; lastKnownFileType = sourcecode.swift; path = MainCoordinator.swift; sourceTree = "<group>"; };
		FBBF1769281E676800CDE4BC /* CompositionRoot.swift */ = {isa = PBXFileReference; lastKnownFileType = sourcecode.swift; path = CompositionRoot.swift; sourceTree = "<group>"; };
		FBBF176B281E720A00CDE4BC /* GifMainCell.swift */ = {isa = PBXFileReference; lastKnownFileType = sourcecode.swift; path = GifMainCell.swift; sourceTree = "<group>"; };
		FBBF176D281E727A00CDE4BC /* BaseCollectionViewCell.swift */ = {isa = PBXFileReference; lastKnownFileType = sourcecode.swift; path = BaseCollectionViewCell.swift; sourceTree = "<group>"; };
		FBBF176F281E747700CDE4BC /* GifMain+CollectionView.swift */ = {isa = PBXFileReference; lastKnownFileType = sourcecode.swift; path = "GifMain+CollectionView.swift"; sourceTree = "<group>"; };
		FBBF1771281E7F0D00CDE4BC /* GifRepositoryImpl.swift */ = {isa = PBXFileReference; lastKnownFileType = sourcecode.swift; path = GifRepositoryImpl.swift; sourceTree = "<group>"; };
		FBBF1773281E821500CDE4BC /* NetworkResult.swift */ = {isa = PBXFileReference; lastKnownFileType = sourcecode.swift; path = NetworkResult.swift; sourceTree = "<group>"; };
		FBBF1776281E83BF00CDE4BC /* Const.swift */ = {isa = PBXFileReference; lastKnownFileType = sourcecode.swift; path = Const.swift; sourceTree = "<group>"; };
		FBBF1778281E83C900CDE4BC /* URL.swift */ = {isa = PBXFileReference; lastKnownFileType = sourcecode.swift; path = URL.swift; sourceTree = "<group>"; };
		FBBF177A281E89B100CDE4BC /* GiphyModel.swift */ = {isa = PBXFileReference; lastKnownFileType = sourcecode.swift; path = GiphyModel.swift; sourceTree = "<group>"; };
/* End PBXFileReference section */

/* Begin PBXFrameworksBuildPhase section */
		FBBF1730281D5D7000CDE4BC /* Frameworks */ = {
			isa = PBXFrameworksBuildPhase;
			buildActionMask = 2147483647;
			files = (
				FBBF1760281E588800CDE4BC /* SnapKit in Frameworks */,
				FBBF175A281E575B00CDE4BC /* Then in Frameworks */,
				FBBF175D281E576B00CDE4BC /* Alamofire in Frameworks */,
			);
			runOnlyForDeploymentPostprocessing = 0;
		};
/* End PBXFrameworksBuildPhase section */

/* Begin PBXGroup section */
		FBBF172A281D5D7000CDE4BC = {
			isa = PBXGroup;
			children = (
				FBBF1735281D5D7000CDE4BC /* MovingPictureApp */,
				FBBF1734281D5D7000CDE4BC /* Products */,
			);
			sourceTree = "<group>";
		};
		FBBF1734281D5D7000CDE4BC /* Products */ = {
			isa = PBXGroup;
			children = (
				FBBF1733281D5D7000CDE4BC /* MovingPictureApp.app */,
			);
			name = Products;
			sourceTree = "<group>";
		};
		FBBF1735281D5D7000CDE4BC /* MovingPictureApp */ = {
			isa = PBXGroup;
			children = (
				FBBF1751281E557200CDE4BC /* Domain */,
				FBBF1750281E556700CDE4BC /* Repository */,
				FBBF174F281D5DAB00CDE4BC /* Model */,
				FBBF174E281D5DAA00CDE4BC /* Component */,
				FBBF174D281D5DA900CDE4BC /* View */,
				FBBF174C281D5DA800CDE4BC /* Controller */,
				FBBF1775281E836100CDE4BC /* Constant */,
				FBBF174B281D5DA700CDE4BC /* Coordinator */,
				FBBF174A281D5DA600CDE4BC /* DI */,
				FBBF1738281D5D7000CDE4BC /* SceneDelegate.swift */,
				FBBF1736281D5D7000CDE4BC /* AppDelegate.swift */,
				FBBF173C281D5D7000CDE4BC /* Main.storyboard */,
				FBBF173F281D5D7100CDE4BC /* Assets.xcassets */,
				FBBF1741281D5D7100CDE4BC /* LaunchScreen.storyboard */,
				FBBF1744281D5D7100CDE4BC /* Info.plist */,
			);
			path = MovingPictureApp;
			sourceTree = "<group>";
		};
		FBBF174A281D5DA600CDE4BC /* DI */ = {
			isa = PBXGroup;
			children = (
				FBBF1769281E676800CDE4BC /* CompositionRoot.swift */,
			);
			path = DI;
			sourceTree = "<group>";
		};
		FBBF174B281D5DA700CDE4BC /* Coordinator */ = {
			isa = PBXGroup;
			children = (
				FBBF1765281E5DB600CDE4BC /* Coordinator.swift */,
				FBBF1767281E5EEA00CDE4BC /* MainCoordinator.swift */,
			);
			path = Coordinator;
			sourceTree = "<group>";
		};
		FBBF174C281D5DA800CDE4BC /* Controller */ = {
			isa = PBXGroup;
			children = (
				FBBF1752281E55CD00CDE4BC /* BaseViewController.swift */,
				FBBF1754281E565C00CDE4BC /* GifMainController.swift */,
				FBBF176F281E747700CDE4BC /* GifMain+CollectionView.swift */,
			);
			path = Controller;
			sourceTree = "<group>";
		};
		FBBF174D281D5DA900CDE4BC /* View */ = {
			isa = PBXGroup;
			children = (
				FBBF1763281E59EE00CDE4BC /* BaseView.swift */,
				FBBF1761281E594900CDE4BC /* GifMainView.swift */,
				FBBF176B281E720A00CDE4BC /* GifMainCell.swift */,
				FBBF176D281E727A00CDE4BC /* BaseCollectionViewCell.swift */,
			);
			path = View;
			sourceTree = "<group>";
		};
		FBBF174E281D5DAA00CDE4BC /* Component */ = {
			isa = PBXGroup;
			children = (
			);
			path = Component;
			sourceTree = "<group>";
		};
		FBBF174F281D5DAB00CDE4BC /* Model */ = {
			isa = PBXGroup;
			children = (
				FBBF177A281E89B100CDE4BC /* GiphyModel.swift */,
			);
			path = Model;
			sourceTree = "<group>";
		};
		FBBF1750281E556700CDE4BC /* Repository */ = {
			isa = PBXGroup;
			children = (
				FBBF1771281E7F0D00CDE4BC /* GifRepositoryImpl.swift */,
				FBBF1773281E821500CDE4BC /* NetworkResult.swift */,
			);
			path = Repository;
			sourceTree = "<group>";
		};
		FBBF1751281E557200CDE4BC /* Domain */ = {
			isa = PBXGroup;
			children = (
			);
			path = Domain;
			sourceTree = "<group>";
		};
		FBBF1775281E836100CDE4BC /* Constant */ = {
			isa = PBXGroup;
			children = (
				FBBF1776281E83BF00CDE4BC /* Const.swift */,
				FBBF1778281E83C900CDE4BC /* URL.swift */,
			);
			path = Constant;
			sourceTree = "<group>";
		};
/* End PBXGroup section */

/* Begin PBXNativeTarget section */
		FBBF1732281D5D7000CDE4BC /* MovingPictureApp */ = {
			isa = PBXNativeTarget;
			buildConfigurationList = FBBF1747281D5D7100CDE4BC /* Build configuration list for PBXNativeTarget "MovingPictureApp" */;
			buildPhases = (
				FBBF172F281D5D7000CDE4BC /* Sources */,
				FBBF1730281D5D7000CDE4BC /* Frameworks */,
				FBBF1731281D5D7000CDE4BC /* Resources */,
			);
			buildRules = (
			);
			dependencies = (
			);
			name = MovingPictureApp;
			packageProductDependencies = (
				FBBF1759281E575B00CDE4BC /* Then */,
				FBBF175C281E576B00CDE4BC /* Alamofire */,
				FBBF175F281E588800CDE4BC /* SnapKit */,
			);
			productName = MovingPictureApp;
			productReference = FBBF1733281D5D7000CDE4BC /* MovingPictureApp.app */;
			productType = "com.apple.product-type.application";
		};
/* End PBXNativeTarget section */

/* Begin PBXProject section */
		FBBF172B281D5D7000CDE4BC /* Project object */ = {
			isa = PBXProject;
			attributes = {
				BuildIndependentTargetsInParallel = 1;
				LastSwiftUpdateCheck = 1320;
				LastUpgradeCheck = 1320;
				TargetAttributes = {
					FBBF1732281D5D7000CDE4BC = {
						CreatedOnToolsVersion = 13.2.1;
					};
				};
			};
			buildConfigurationList = FBBF172E281D5D7000CDE4BC /* Build configuration list for PBXProject "MovingPictureApp" */;
			compatibilityVersion = "Xcode 13.0";
			developmentRegion = en;
			hasScannedForEncodings = 0;
			knownRegions = (
				en,
				Base,
			);
			mainGroup = FBBF172A281D5D7000CDE4BC;
			packageReferences = (
				FBBF1758281E575A00CDE4BC /* XCRemoteSwiftPackageReference "Then" */,
				FBBF175B281E576B00CDE4BC /* XCRemoteSwiftPackageReference "Alamofire" */,
				FBBF175E281E588800CDE4BC /* XCRemoteSwiftPackageReference "SnapKit" */,
			);
			productRefGroup = FBBF1734281D5D7000CDE4BC /* Products */;
			projectDirPath = "";
			projectRoot = "";
			targets = (
				FBBF1732281D5D7000CDE4BC /* MovingPictureApp */,
			);
		};
/* End PBXProject section */

/* Begin PBXResourcesBuildPhase section */
		FBBF1731281D5D7000CDE4BC /* Resources */ = {
			isa = PBXResourcesBuildPhase;
			buildActionMask = 2147483647;
			files = (
				FBBF1743281D5D7100CDE4BC /* LaunchScreen.storyboard in Resources */,
				FBBF1740281D5D7100CDE4BC /* Assets.xcassets in Resources */,
				FBBF173E281D5D7000CDE4BC /* Main.storyboard in Resources */,
			);
			runOnlyForDeploymentPostprocessing = 0;
		};
/* End PBXResourcesBuildPhase section */

/* Begin PBXSourcesBuildPhase section */
		FBBF172F281D5D7000CDE4BC /* Sources */ = {
			isa = PBXSourcesBuildPhase;
			buildActionMask = 2147483647;
			files = (
				FBBF1770281E747700CDE4BC /* GifMain+CollectionView.swift in Sources */,
				FBBF1762281E594900CDE4BC /* GifMainView.swift in Sources */,
				FBBF176C281E720A00CDE4BC /* GifMainCell.swift in Sources */,
				FBBF1768281E5EEA00CDE4BC /* MainCoordinator.swift in Sources */,
				FBBF1737281D5D7000CDE4BC /* AppDelegate.swift in Sources */,
				FBBF176E281E727A00CDE4BC /* BaseCollectionViewCell.swift in Sources */,
				FBBF1755281E565C00CDE4BC /* GifMainController.swift in Sources */,
				FBBF1779281E83C900CDE4BC /* URL.swift in Sources */,
				FBBF1764281E59EE00CDE4BC /* BaseView.swift in Sources */,
				FBBF1772281E7F0D00CDE4BC /* GifRepositoryImpl.swift in Sources */,
				FBBF1739281D5D7000CDE4BC /* SceneDelegate.swift in Sources */,
				FBBF1753281E55CD00CDE4BC /* BaseViewController.swift in Sources */,
				FBBF176A281E676800CDE4BC /* CompositionRoot.swift in Sources */,
				FBBF177B281E89B100CDE4BC /* GiphyModel.swift in Sources */,
				FBBF1766281E5DB600CDE4BC /* Coordinator.swift in Sources */,
				FBBF1774281E821500CDE4BC /* NetworkResult.swift in Sources */,
				FBBF1777281E83BF00CDE4BC /* Const.swift in Sources */,
			);
			runOnlyForDeploymentPostprocessing = 0;
		};
/* End PBXSourcesBuildPhase section */

/* Begin PBXVariantGroup section */
		FBBF173C281D5D7000CDE4BC /* Main.storyboard */ = {
			isa = PBXVariantGroup;
			children = (
				FBBF173D281D5D7000CDE4BC /* Base */,
			);
			name = Main.storyboard;
			sourceTree = "<group>";
		};
		FBBF1741281D5D7100CDE4BC /* LaunchScreen.storyboard */ = {
			isa = PBXVariantGroup;
			children = (
				FBBF1742281D5D7100CDE4BC /* Base */,
			);
			name = LaunchScreen.storyboard;
			sourceTree = "<group>";
		};
/* End PBXVariantGroup section */

/* Begin XCBuildConfiguration section */
		FBBF1745281D5D7100CDE4BC /* Debug */ = {
			isa = XCBuildConfiguration;
			buildSettings = {
				ALWAYS_SEARCH_USER_PATHS = NO;
				CLANG_ANALYZER_NONNULL = YES;
				CLANG_ANALYZER_NUMBER_OBJECT_CONVERSION = YES_AGGRESSIVE;
				CLANG_CXX_LANGUAGE_STANDARD = "gnu++17";
				CLANG_CXX_LIBRARY = "libc++";
				CLANG_ENABLE_MODULES = YES;
				CLANG_ENABLE_OBJC_ARC = YES;
				CLANG_ENABLE_OBJC_WEAK = YES;
				CLANG_WARN_BLOCK_CAPTURE_AUTORELEASING = YES;
				CLANG_WARN_BOOL_CONVERSION = YES;
				CLANG_WARN_COMMA = YES;
				CLANG_WARN_CONSTANT_CONVERSION = YES;
				CLANG_WARN_DEPRECATED_OBJC_IMPLEMENTATIONS = YES;
				CLANG_WARN_DIRECT_OBJC_ISA_USAGE = YES_ERROR;
				CLANG_WARN_DOCUMENTATION_COMMENTS = YES;
				CLANG_WARN_EMPTY_BODY = YES;
				CLANG_WARN_ENUM_CONVERSION = YES;
				CLANG_WARN_INFINITE_RECURSION = YES;
				CLANG_WARN_INT_CONVERSION = YES;
				CLANG_WARN_NON_LITERAL_NULL_CONVERSION = YES;
				CLANG_WARN_OBJC_IMPLICIT_RETAIN_SELF = YES;
				CLANG_WARN_OBJC_LITERAL_CONVERSION = YES;
				CLANG_WARN_OBJC_ROOT_CLASS = YES_ERROR;
				CLANG_WARN_QUOTED_INCLUDE_IN_FRAMEWORK_HEADER = YES;
				CLANG_WARN_RANGE_LOOP_ANALYSIS = YES;
				CLANG_WARN_STRICT_PROTOTYPES = YES;
				CLANG_WARN_SUSPICIOUS_MOVE = YES;
				CLANG_WARN_UNGUARDED_AVAILABILITY = YES_AGGRESSIVE;
				CLANG_WARN_UNREACHABLE_CODE = YES;
				CLANG_WARN__DUPLICATE_METHOD_MATCH = YES;
				COPY_PHASE_STRIP = NO;
				DEBUG_INFORMATION_FORMAT = dwarf;
				ENABLE_STRICT_OBJC_MSGSEND = YES;
				ENABLE_TESTABILITY = YES;
				GCC_C_LANGUAGE_STANDARD = gnu11;
				GCC_DYNAMIC_NO_PIC = NO;
				GCC_NO_COMMON_BLOCKS = YES;
				GCC_OPTIMIZATION_LEVEL = 0;
				GCC_PREPROCESSOR_DEFINITIONS = (
					"DEBUG=1",
					"$(inherited)",
				);
				GCC_WARN_64_TO_32_BIT_CONVERSION = YES;
				GCC_WARN_ABOUT_RETURN_TYPE = YES_ERROR;
				GCC_WARN_UNDECLARED_SELECTOR = YES;
				GCC_WARN_UNINITIALIZED_AUTOS = YES_AGGRESSIVE;
				GCC_WARN_UNUSED_FUNCTION = YES;
				GCC_WARN_UNUSED_VARIABLE = YES;
				IPHONEOS_DEPLOYMENT_TARGET = 15.2;
				MTL_ENABLE_DEBUG_INFO = INCLUDE_SOURCE;
				MTL_FAST_MATH = YES;
				ONLY_ACTIVE_ARCH = YES;
				SDKROOT = iphoneos;
				SWIFT_ACTIVE_COMPILATION_CONDITIONS = DEBUG;
				SWIFT_OPTIMIZATION_LEVEL = "-Onone";
			};
			name = Debug;
		};
		FBBF1746281D5D7100CDE4BC /* Release */ = {
			isa = XCBuildConfiguration;
			buildSettings = {
				ALWAYS_SEARCH_USER_PATHS = NO;
				CLANG_ANALYZER_NONNULL = YES;
				CLANG_ANALYZER_NUMBER_OBJECT_CONVERSION = YES_AGGRESSIVE;
				CLANG_CXX_LANGUAGE_STANDARD = "gnu++17";
				CLANG_CXX_LIBRARY = "libc++";
				CLANG_ENABLE_MODULES = YES;
				CLANG_ENABLE_OBJC_ARC = YES;
				CLANG_ENABLE_OBJC_WEAK = YES;
				CLANG_WARN_BLOCK_CAPTURE_AUTORELEASING = YES;
				CLANG_WARN_BOOL_CONVERSION = YES;
				CLANG_WARN_COMMA = YES;
				CLANG_WARN_CONSTANT_CONVERSION = YES;
				CLANG_WARN_DEPRECATED_OBJC_IMPLEMENTATIONS = YES;
				CLANG_WARN_DIRECT_OBJC_ISA_USAGE = YES_ERROR;
				CLANG_WARN_DOCUMENTATION_COMMENTS = YES;
				CLANG_WARN_EMPTY_BODY = YES;
				CLANG_WARN_ENUM_CONVERSION = YES;
				CLANG_WARN_INFINITE_RECURSION = YES;
				CLANG_WARN_INT_CONVERSION = YES;
				CLANG_WARN_NON_LITERAL_NULL_CONVERSION = YES;
				CLANG_WARN_OBJC_IMPLICIT_RETAIN_SELF = YES;
				CLANG_WARN_OBJC_LITERAL_CONVERSION = YES;
				CLANG_WARN_OBJC_ROOT_CLASS = YES_ERROR;
				CLANG_WARN_QUOTED_INCLUDE_IN_FRAMEWORK_HEADER = YES;
				CLANG_WARN_RANGE_LOOP_ANALYSIS = YES;
				CLANG_WARN_STRICT_PROTOTYPES = YES;
				CLANG_WARN_SUSPICIOUS_MOVE = YES;
				CLANG_WARN_UNGUARDED_AVAILABILITY = YES_AGGRESSIVE;
				CLANG_WARN_UNREACHABLE_CODE = YES;
				CLANG_WARN__DUPLICATE_METHOD_MATCH = YES;
				COPY_PHASE_STRIP = NO;
				DEBUG_INFORMATION_FORMAT = "dwarf-with-dsym";
				ENABLE_NS_ASSERTIONS = NO;
				ENABLE_STRICT_OBJC_MSGSEND = YES;
				GCC_C_LANGUAGE_STANDARD = gnu11;
				GCC_NO_COMMON_BLOCKS = YES;
				GCC_WARN_64_TO_32_BIT_CONVERSION = YES;
				GCC_WARN_ABOUT_RETURN_TYPE = YES_ERROR;
				GCC_WARN_UNDECLARED_SELECTOR = YES;
				GCC_WARN_UNINITIALIZED_AUTOS = YES_AGGRESSIVE;
				GCC_WARN_UNUSED_FUNCTION = YES;
				GCC_WARN_UNUSED_VARIABLE = YES;
				IPHONEOS_DEPLOYMENT_TARGET = 15.2;
				MTL_ENABLE_DEBUG_INFO = NO;
				MTL_FAST_MATH = YES;
				SDKROOT = iphoneos;
				SWIFT_COMPILATION_MODE = wholemodule;
				SWIFT_OPTIMIZATION_LEVEL = "-O";
				VALIDATE_PRODUCT = YES;
			};
			name = Release;
		};
		FBBF1748281D5D7100CDE4BC /* Debug */ = {
			isa = XCBuildConfiguration;
			buildSettings = {
				ASSETCATALOG_COMPILER_APPICON_NAME = AppIcon;
				ASSETCATALOG_COMPILER_GLOBAL_ACCENT_COLOR_NAME = AccentColor;
				CODE_SIGN_STYLE = Automatic;
				CURRENT_PROJECT_VERSION = 1;
				DEVELOPMENT_TEAM = LFRY7BQTRY;
				GENERATE_INFOPLIST_FILE = YES;
				INFOPLIST_FILE = MovingPictureApp/Info.plist;
				INFOPLIST_KEY_UIApplicationSupportsIndirectInputEvents = YES;
				INFOPLIST_KEY_UILaunchStoryboardName = LaunchScreen;
				INFOPLIST_KEY_UISupportedInterfaceOrientations_iPad = "UIInterfaceOrientationPortrait UIInterfaceOrientationPortraitUpsideDown UIInterfaceOrientationLandscapeLeft UIInterfaceOrientationLandscapeRight";
				INFOPLIST_KEY_UISupportedInterfaceOrientations_iPhone = "UIInterfaceOrientationPortrait UIInterfaceOrientationLandscapeLeft UIInterfaceOrientationLandscapeRight";
				LD_RUNPATH_SEARCH_PATHS = (
					"$(inherited)",
					"@executable_path/Frameworks",
				);
				MARKETING_VERSION = 1.0;
				PRODUCT_BUNDLE_IDENTIFIER = "Lee-JaeHyeok.MovingPictureApp";
				PRODUCT_NAME = "$(TARGET_NAME)";
				SWIFT_EMIT_LOC_STRINGS = YES;
				SWIFT_VERSION = 5.0;
				TARGETED_DEVICE_FAMILY = "1,2";
			};
			name = Debug;
		};
		FBBF1749281D5D7100CDE4BC /* Release */ = {
			isa = XCBuildConfiguration;
			buildSettings = {
				ASSETCATALOG_COMPILER_APPICON_NAME = AppIcon;
				ASSETCATALOG_COMPILER_GLOBAL_ACCENT_COLOR_NAME = AccentColor;
				CODE_SIGN_STYLE = Automatic;
				CURRENT_PROJECT_VERSION = 1;
				DEVELOPMENT_TEAM = LFRY7BQTRY;
				GENERATE_INFOPLIST_FILE = YES;
				INFOPLIST_FILE = MovingPictureApp/Info.plist;
				INFOPLIST_KEY_UIApplicationSupportsIndirectInputEvents = YES;
				INFOPLIST_KEY_UILaunchStoryboardName = LaunchScreen;
				INFOPLIST_KEY_UISupportedInterfaceOrientations_iPad = "UIInterfaceOrientationPortrait UIInterfaceOrientationPortraitUpsideDown UIInterfaceOrientationLandscapeLeft UIInterfaceOrientationLandscapeRight";
				INFOPLIST_KEY_UISupportedInterfaceOrientations_iPhone = "UIInterfaceOrientationPortrait UIInterfaceOrientationLandscapeLeft UIInterfaceOrientationLandscapeRight";
				LD_RUNPATH_SEARCH_PATHS = (
					"$(inherited)",
					"@executable_path/Frameworks",
				);
				MARKETING_VERSION = 1.0;
				PRODUCT_BUNDLE_IDENTIFIER = "Lee-JaeHyeok.MovingPictureApp";
				PRODUCT_NAME = "$(TARGET_NAME)";
				SWIFT_EMIT_LOC_STRINGS = YES;
				SWIFT_VERSION = 5.0;
				TARGETED_DEVICE_FAMILY = "1,2";
			};
			name = Release;
		};
/* End XCBuildConfiguration section */

/* Begin XCConfigurationList section */
		FBBF172E281D5D7000CDE4BC /* Build configuration list for PBXProject "MovingPictureApp" */ = {
			isa = XCConfigurationList;
			buildConfigurations = (
				FBBF1745281D5D7100CDE4BC /* Debug */,
				FBBF1746281D5D7100CDE4BC /* Release */,
			);
			defaultConfigurationIsVisible = 0;
			defaultConfigurationName = Release;
		};
		FBBF1747281D5D7100CDE4BC /* Build configuration list for PBXNativeTarget "MovingPictureApp" */ = {
			isa = XCConfigurationList;
			buildConfigurations = (
				FBBF1748281D5D7100CDE4BC /* Debug */,
				FBBF1749281D5D7100CDE4BC /* Release */,
			);
			defaultConfigurationIsVisible = 0;
			defaultConfigurationName = Release;
		};
/* End XCConfigurationList section */

/* Begin XCRemoteSwiftPackageReference section */
		FBBF1758281E575A00CDE4BC /* XCRemoteSwiftPackageReference "Then" */ = {
			isa = XCRemoteSwiftPackageReference;
			repositoryURL = "https://github.com/devxoul/Then";
			requirement = {
				kind = upToNextMajorVersion;
				minimumVersion = 3.0.0;
			};
		};
		FBBF175B281E576B00CDE4BC /* XCRemoteSwiftPackageReference "Alamofire" */ = {
			isa = XCRemoteSwiftPackageReference;
			repositoryURL = "https://github.com/Alamofire/Alamofire";
			requirement = {
				kind = upToNextMajorVersion;
				minimumVersion = 5.0.0;
			};
		};
		FBBF175E281E588800CDE4BC /* XCRemoteSwiftPackageReference "SnapKit" */ = {
			isa = XCRemoteSwiftPackageReference;
			repositoryURL = "https://github.com/SnapKit/SnapKit";
			requirement = {
				kind = upToNextMajorVersion;
				minimumVersion = 5.0.0;
			};
		};
/* End XCRemoteSwiftPackageReference section */

/* Begin XCSwiftPackageProductDependency section */
		FBBF1759281E575B00CDE4BC /* Then */ = {
			isa = XCSwiftPackageProductDependency;
			package = FBBF1758281E575A00CDE4BC /* XCRemoteSwiftPackageReference "Then" */;
			productName = Then;
		};
		FBBF175C281E576B00CDE4BC /* Alamofire */ = {
			isa = XCSwiftPackageProductDependency;
			package = FBBF175B281E576B00CDE4BC /* XCRemoteSwiftPackageReference "Alamofire" */;
			productName = Alamofire;
		};
		FBBF175F281E588800CDE4BC /* SnapKit */ = {
			isa = XCSwiftPackageProductDependency;
			package = FBBF175E281E588800CDE4BC /* XCRemoteSwiftPackageReference "SnapKit" */;
			productName = SnapKit;
		};
/* End XCSwiftPackageProductDependency section */
	};
	rootObject = FBBF172B281D5D7000CDE4BC /* Project object */;
}
